// !$*UTF8*$!
{
	archiveVersion = 1;
	classes = {
	};
	objectVersion = 56;
	objects = {

/* Begin PBXBuildFile section */
		2D0503202BF7C85D0016CDFF /* TabBarController.swift in Sources */ = {isa = PBXBuildFile; fileRef = 2D05031F2BF7C85D0016CDFF /* TabBarController.swift */; };
		2D0503232BF7DC460016CDFF /* AuthViewController.swift in Sources */ = {isa = PBXBuildFile; fileRef = 2D0503222BF7DC460016CDFF /* AuthViewController.swift */; };
		2D0503252BF7DD2B0016CDFF /* AuthView.swift in Sources */ = {isa = PBXBuildFile; fileRef = 2D0503242BF7DD2B0016CDFF /* AuthView.swift */; };
		2D0503282BF7EB540016CDFF /* RegistrationViewController.swift in Sources */ = {isa = PBXBuildFile; fileRef = 2D0503272BF7EB540016CDFF /* RegistrationViewController.swift */; };
		2D05032A2BF7EB600016CDFF /* RegistrationView.swift in Sources */ = {isa = PBXBuildFile; fileRef = 2D0503292BF7EB600016CDFF /* RegistrationView.swift */; };
		2D05032C2BF7EB6B0016CDFF /* RegistrationViewModel.swift in Sources */ = {isa = PBXBuildFile; fileRef = 2D05032B2BF7EB6B0016CDFF /* RegistrationViewModel.swift */; };
		2D05032F2BF7EEEC0016CDFF /* LoginViewController.swift in Sources */ = {isa = PBXBuildFile; fileRef = 2D05032E2BF7EEEC0016CDFF /* LoginViewController.swift */; };
		2D0503312BF7EEF50016CDFF /* LoginView.swift in Sources */ = {isa = PBXBuildFile; fileRef = 2D0503302BF7EEF50016CDFF /* LoginView.swift */; };
		2D0503332BF7EEFC0016CDFF /* LoginViewModel.swift in Sources */ = {isa = PBXBuildFile; fileRef = 2D0503322BF7EEFC0016CDFF /* LoginViewModel.swift */; };
		2D0503362BF7EF870016CDFF /* ProfileViewController.swift in Sources */ = {isa = PBXBuildFile; fileRef = 2D0503352BF7EF870016CDFF /* ProfileViewController.swift */; };
		2D0503382BF7EFD90016CDFF /* ProfileView.swift in Sources */ = {isa = PBXBuildFile; fileRef = 2D0503372BF7EFD90016CDFF /* ProfileView.swift */; };
		2D05033A2BF7EFEC0016CDFF /* ProfileViewModel.swift in Sources */ = {isa = PBXBuildFile; fileRef = 2D0503392BF7EFEC0016CDFF /* ProfileViewModel.swift */; };
		2D05033C2BF7F5BB0016CDFF /* CodeInputView.swift in Sources */ = {isa = PBXBuildFile; fileRef = 2D05033B2BF7F5BB0016CDFF /* CodeInputView.swift */; };
		2D05033E2BF8B2E10016CDFF /* GoogleService-Info.plist in Resources */ = {isa = PBXBuildFile; fileRef = 2D05033D2BF8B2E10016CDFF /* GoogleService-Info.plist */; };
		2D0503412BF8BABE0016CDFF /* FirebaseAnalytics in Frameworks */ = {isa = PBXBuildFile; productRef = 2D0503402BF8BABE0016CDFF /* FirebaseAnalytics */; };
		2D0503432BF8BABE0016CDFF /* FirebaseAnalyticsOnDeviceConversion in Frameworks */ = {isa = PBXBuildFile; productRef = 2D0503422BF8BABE0016CDFF /* FirebaseAnalyticsOnDeviceConversion */; };
		2D0503452BF8BABE0016CDFF /* FirebaseAnalyticsSwift in Frameworks */ = {isa = PBXBuildFile; productRef = 2D0503442BF8BABE0016CDFF /* FirebaseAnalyticsSwift */; };
		2D0503472BF8BABE0016CDFF /* FirebaseAnalyticsWithoutAdIdSupport in Frameworks */ = {isa = PBXBuildFile; productRef = 2D0503462BF8BABE0016CDFF /* FirebaseAnalyticsWithoutAdIdSupport */; };
		2D0503492BF8BABE0016CDFF /* FirebaseAppCheck in Frameworks */ = {isa = PBXBuildFile; productRef = 2D0503482BF8BABE0016CDFF /* FirebaseAppCheck */; };
		2D21605B2C07912C00FEBD30 /* ExerciseHistoryCoreData+CoreDataClass.swift in Sources */ = {isa = PBXBuildFile; fileRef = 2D2160552C07912C00FEBD30 /* ExerciseHistoryCoreData+CoreDataClass.swift */; };
		2D21605C2C07912C00FEBD30 /* ExerciseHistoryCoreData+CoreDataProperties.swift in Sources */ = {isa = PBXBuildFile; fileRef = 2D2160562C07912C00FEBD30 /* ExerciseHistoryCoreData+CoreDataProperties.swift */; };
		2D21605D2C07912C00FEBD30 /* TrainingHistoryCoreData+CoreDataClass.swift in Sources */ = {isa = PBXBuildFile; fileRef = 2D2160572C07912C00FEBD30 /* TrainingHistoryCoreData+CoreDataClass.swift */; };
		2D21605E2C07912C00FEBD30 /* TrainingHistoryCoreData+CoreDataProperties.swift in Sources */ = {isa = PBXBuildFile; fileRef = 2D2160582C07912C00FEBD30 /* TrainingHistoryCoreData+CoreDataProperties.swift */; };
		2D21605F2C07912C00FEBD30 /* ExerciseSetCoreData+CoreDataClass.swift in Sources */ = {isa = PBXBuildFile; fileRef = 2D2160592C07912C00FEBD30 /* ExerciseSetCoreData+CoreDataClass.swift */; };
		2D2160602C07912C00FEBD30 /* ExerciseSetCoreData+CoreDataProperties.swift in Sources */ = {isa = PBXBuildFile; fileRef = 2D21605A2C07912C00FEBD30 /* ExerciseSetCoreData+CoreDataProperties.swift */; };
		2D2160632C07E0CD00FEBD30 /* FoodSearchViewModel.swift in Sources */ = {isa = PBXBuildFile; fileRef = 2D2160622C07E0CD00FEBD30 /* FoodSearchViewModel.swift */; };
		2D2160652C07E0D900FEBD30 /* FoodSearchView.swift in Sources */ = {isa = PBXBuildFile; fileRef = 2D2160642C07E0D900FEBD30 /* FoodSearchView.swift */; };
		2D2160672C07E0E900FEBD30 /* FoodSearchViewController.swift in Sources */ = {isa = PBXBuildFile; fileRef = 2D2160662C07E0E900FEBD30 /* FoodSearchViewController.swift */; };
		2D21606A2C0A6AE300FEBD30 /* TastyAPIService.swift in Sources */ = {isa = PBXBuildFile; fileRef = 2D2160692C0A6AE300FEBD30 /* TastyAPIService.swift */; };
		2D21606D2C0B4D4D00FEBD30 /* ProductInfoTableViewCell.swift in Sources */ = {isa = PBXBuildFile; fileRef = 2D21606C2C0B4D4D00FEBD30 /* ProductInfoTableViewCell.swift */; };
		2D2160702C0B5E2700FEBD30 /* FoodSearchService.swift in Sources */ = {isa = PBXBuildFile; fileRef = 2D21606F2C0B5E2700FEBD30 /* FoodSearchService.swift */; };
		2D2160732C0B5F0200FEBD30 /* Alamofire in Frameworks */ = {isa = PBXBuildFile; productRef = 2D2160722C0B5F0200FEBD30 /* Alamofire */; };
		2D2160752C0B5F0200FEBD30 /* AlamofireDynamic in Frameworks */ = {isa = PBXBuildFile; productRef = 2D2160742C0B5F0200FEBD30 /* AlamofireDynamic */; };
		2D2160772C0B602700FEBD30 /* Product.swift in Sources */ = {isa = PBXBuildFile; fileRef = 2D2160762C0B602700FEBD30 /* Product.swift */; };
		2D21607A2C0B674100FEBD30 /* TastyResponse.swift in Sources */ = {isa = PBXBuildFile; fileRef = 2D2160792C0B674100FEBD30 /* TastyResponse.swift */; };
		2D21607C2C0B675600FEBD30 /* Recipe.swift in Sources */ = {isa = PBXBuildFile; fileRef = 2D21607B2C0B675600FEBD30 /* Recipe.swift */; };
		2D21607E2C0B676000FEBD30 /* Nutrition.swift in Sources */ = {isa = PBXBuildFile; fileRef = 2D21607D2C0B676000FEBD30 /* Nutrition.swift */; };
		2D2160812C0B6E6B00FEBD30 /* Kingfisher in Frameworks */ = {isa = PBXBuildFile; productRef = 2D2160802C0B6E6B00FEBD30 /* Kingfisher */; };
		2D2160862C0CB4B500FEBD30 /* FirebaseStorageManager.swift in Sources */ = {isa = PBXBuildFile; fileRef = 2D2160852C0CB4B500FEBD30 /* FirebaseStorageManager.swift */; };
		2D2160882C0CB4DB00FEBD30 /* FirebaseStorage in Frameworks */ = {isa = PBXBuildFile; productRef = 2D2160872C0CB4DB00FEBD30 /* FirebaseStorage */; };
		2D39163D2C05E51200603B2B /* CacheManager.swift in Sources */ = {isa = PBXBuildFile; fileRef = 2D39163C2C05E51200603B2B /* CacheManager.swift */; };
		2D3916402C06344300603B2B /* TrainingHistoryDetailViewModel.swift in Sources */ = {isa = PBXBuildFile; fileRef = 2D39163F2C06344300603B2B /* TrainingHistoryDetailViewModel.swift */; };
		2D3916422C06346600603B2B /* TrainingHistoryDetailVC.swift in Sources */ = {isa = PBXBuildFile; fileRef = 2D3916412C06346600603B2B /* TrainingHistoryDetailVC.swift */; };
		2D3916442C0634B700603B2B /* TrainingHistoryDetailView.swift in Sources */ = {isa = PBXBuildFile; fileRef = 2D3916432C0634B700603B2B /* TrainingHistoryDetailView.swift */; };
		2D3916462C06823100603B2B /* ExerciseSetInput.swift in Sources */ = {isa = PBXBuildFile; fileRef = 2D3916452C06823100603B2B /* ExerciseSetInput.swift */; };
		2D3B65F02BFCF87E004EB3E1 /* ExerciseSet.swift in Sources */ = {isa = PBXBuildFile; fileRef = 2D3B65EF2BFCF87E004EB3E1 /* ExerciseSet.swift */; };
		2D3B65F22BFCF8AB004EB3E1 /* ExerciseHistory.swift in Sources */ = {isa = PBXBuildFile; fileRef = 2D3B65F12BFCF8AB004EB3E1 /* ExerciseHistory.swift */; };
		2D3B65F42BFCF8C9004EB3E1 /* TrainingHistory.swift in Sources */ = {isa = PBXBuildFile; fileRef = 2D3B65F32BFCF8C9004EB3E1 /* TrainingHistory.swift */; };
		2D3B65FA2BFE5BC5004EB3E1 /* GymAppModels.xcdatamodeld in Sources */ = {isa = PBXBuildFile; fileRef = 2D3B65F82BFE5BC5004EB3E1 /* GymAppModels.xcdatamodeld */; };
		2D3B66052BFF24E3004EB3E1 /* TrainingHistoryViewController.swift in Sources */ = {isa = PBXBuildFile; fileRef = 2D3B66042BFF24E3004EB3E1 /* TrainingHistoryViewController.swift */; };
		2D3B66072BFF24F5004EB3E1 /* TrainingHistoryView.swift in Sources */ = {isa = PBXBuildFile; fileRef = 2D3B66062BFF24F5004EB3E1 /* TrainingHistoryView.swift */; };
		2D3B66092BFF2500004EB3E1 /* TrainingHistoryViewModel.swift in Sources */ = {isa = PBXBuildFile; fileRef = 2D3B66082BFF2500004EB3E1 /* TrainingHistoryViewModel.swift */; };
		2D3B660B2BFF5740004EB3E1 /* TrainingHistoryTableViewCell.swift in Sources */ = {isa = PBXBuildFile; fileRef = 2D3B660A2BFF5740004EB3E1 /* TrainingHistoryTableViewCell.swift */; };
		2D3B66102C04D8F5004EB3E1 /* TrainingProgramCoreData+CoreDataClass.swift in Sources */ = {isa = PBXBuildFile; fileRef = 2D3B660C2C04D8F5004EB3E1 /* TrainingProgramCoreData+CoreDataClass.swift */; };
		2D3B66112C04D8F5004EB3E1 /* TrainingProgramCoreData+CoreDataProperties.swift in Sources */ = {isa = PBXBuildFile; fileRef = 2D3B660D2C04D8F5004EB3E1 /* TrainingProgramCoreData+CoreDataProperties.swift */; };
		2D3B66122C04D8F5004EB3E1 /* ExerciseCoreData+CoreDataClass.swift in Sources */ = {isa = PBXBuildFile; fileRef = 2D3B660E2C04D8F5004EB3E1 /* ExerciseCoreData+CoreDataClass.swift */; };
		2D3B66132C04D8F5004EB3E1 /* ExerciseCoreData+CoreDataProperties.swift in Sources */ = {isa = PBXBuildFile; fileRef = 2D3B660F2C04D8F5004EB3E1 /* ExerciseCoreData+CoreDataProperties.swift */; };
		2D3B66152C04E28C004EB3E1 /* NSManagedObjectContext.swift in Sources */ = {isa = PBXBuildFile; fileRef = 2D3B66142C04E28C004EB3E1 /* NSManagedObjectContext.swift */; };
		2D51BDDA2BB36EBC000B57E1 /* UIViewExtension.swift in Sources */ = {isa = PBXBuildFile; fileRef = 2D51BDD92BB36EBC000B57E1 /* UIViewExtension.swift */; };
		2D51BDDC2BB4629D000B57E1 /* RoundImageView.swift in Sources */ = {isa = PBXBuildFile; fileRef = 2D51BDDB2BB4629D000B57E1 /* RoundImageView.swift */; };
		2D51BDDF2BB48FDD000B57E1 /* IconsViewController.swift in Sources */ = {isa = PBXBuildFile; fileRef = 2D51BDDE2BB48FDD000B57E1 /* IconsViewController.swift */; };
		2D51BDE12BB48FF1000B57E1 /* IconsView.swift in Sources */ = {isa = PBXBuildFile; fileRef = 2D51BDE02BB48FF1000B57E1 /* IconsView.swift */; };
		2D51BDE32BB48FFE000B57E1 /* IconsViewModel.swift in Sources */ = {isa = PBXBuildFile; fileRef = 2D51BDE22BB48FFE000B57E1 /* IconsViewModel.swift */; };
		2D51BDE52BB4A623000B57E1 /* IconsCollectionViewCell.swift in Sources */ = {isa = PBXBuildFile; fileRef = 2D51BDE42BB4A623000B57E1 /* IconsCollectionViewCell.swift */; };
		2D51BDE72BB4A7E6000B57E1 /* UITableViewExtension.swift in Sources */ = {isa = PBXBuildFile; fileRef = 2D51BDE62BB4A7E6000B57E1 /* UITableViewExtension.swift */; };
		2D51BDE92BB4A80C000B57E1 /* UIColletionViewExtension.swift in Sources */ = {isa = PBXBuildFile; fileRef = 2D51BDE82BB4A80C000B57E1 /* UIColletionViewExtension.swift */; };
		2D51BDEC2BB4AA5A000B57E1 /* IconsManager.swift in Sources */ = {isa = PBXBuildFile; fileRef = 2D51BDEB2BB4AA5A000B57E1 /* IconsManager.swift */; };
		2D51BDEE2BB58DC9000B57E1 /* UIImageExtention.swift in Sources */ = {isa = PBXBuildFile; fileRef = 2D51BDED2BB58DC9000B57E1 /* UIImageExtention.swift */; };
		2DA07BEC2BC6AE51004B49A0 /* Exercise.swift in Sources */ = {isa = PBXBuildFile; fileRef = 2DA07BEB2BC6AE51004B49A0 /* Exercise.swift */; };
		2DC710992BF8D5BD0079386F /* User.swift in Sources */ = {isa = PBXBuildFile; fileRef = 2DC710982BF8D5BD0079386F /* User.swift */; };
		2DC7109C2BF8E7430079386F /* UITextFieldExtension.swift in Sources */ = {isa = PBXBuildFile; fileRef = 2DC7109B2BF8E7430079386F /* UITextFieldExtension.swift */; };
		2DC7109F2BF8FE0C0079386F /* FirebaseAuthManager.swift in Sources */ = {isa = PBXBuildFile; fileRef = 2DC7109E2BF8FE0C0079386F /* FirebaseAuthManager.swift */; };
		2DC710A22BF8FE510079386F /* FirebaseAuth in Frameworks */ = {isa = PBXBuildFile; productRef = 2DC710A12BF8FE510079386F /* FirebaseAuth */; };
		2DC710A42BF8FEDE0079386F /* FirebaseDatabase in Frameworks */ = {isa = PBXBuildFile; productRef = 2DC710A32BF8FEDE0079386F /* FirebaseDatabase */; };
		2DC710A62BF901C40079386F /* FirebaseFirestoreManager.swift in Sources */ = {isa = PBXBuildFile; fileRef = 2DC710A52BF901C40079386F /* FirebaseFirestoreManager.swift */; };
		2DC710A82BF901E30079386F /* FirebaseFirestore in Frameworks */ = {isa = PBXBuildFile; productRef = 2DC710A72BF901E30079386F /* FirebaseFirestore */; };
		2DC710AB2BF906F00079386F /* ValidationError.swift in Sources */ = {isa = PBXBuildFile; fileRef = 2DC710AA2BF906F00079386F /* ValidationError.swift */; };
		2DC710AD2BFA5C400079386F /* TrainingProgram.swift in Sources */ = {isa = PBXBuildFile; fileRef = 2DC710AC2BFA5C400079386F /* TrainingProgram.swift */; };
		2DC710AF2BFBD45B0079386F /* TrainingProgramTableViewCell.swift in Sources */ = {isa = PBXBuildFile; fileRef = 2DC710AE2BFBD45B0079386F /* TrainingProgramTableViewCell.swift */; };
		2DD248C62B9DB4A300D5B4D2 /* AppDelegate.swift in Sources */ = {isa = PBXBuildFile; fileRef = 2DD248C52B9DB4A300D5B4D2 /* AppDelegate.swift */; };
		2DD248C82B9DB4A300D5B4D2 /* SceneDelegate.swift in Sources */ = {isa = PBXBuildFile; fileRef = 2DD248C72B9DB4A300D5B4D2 /* SceneDelegate.swift */; };
		2DD248CA2B9DB4A300D5B4D2 /* TrainingProgramsViewController.swift in Sources */ = {isa = PBXBuildFile; fileRef = 2DD248C92B9DB4A300D5B4D2 /* TrainingProgramsViewController.swift */; };
		2DD248CD2B9DB4A300D5B4D2 /* Main.storyboard in Resources */ = {isa = PBXBuildFile; fileRef = 2DD248CB2B9DB4A300D5B4D2 /* Main.storyboard */; };
		2DD248CF2B9DB4A500D5B4D2 /* Assets.xcassets in Resources */ = {isa = PBXBuildFile; fileRef = 2DD248CE2B9DB4A500D5B4D2 /* Assets.xcassets */; };
		2DD248D22B9DB4A500D5B4D2 /* LaunchScreen.storyboard in Resources */ = {isa = PBXBuildFile; fileRef = 2DD248D02B9DB4A500D5B4D2 /* LaunchScreen.storyboard */; };
		2DD248DC2B9DF4F000D5B4D2 /* TrainingProgramsView.swift in Sources */ = {isa = PBXBuildFile; fileRef = 2DD248DB2B9DF4F000D5B4D2 /* TrainingProgramsView.swift */; };
		2DD248DE2B9DF50000D5B4D2 /* TrainingProgramsViewModel.swift in Sources */ = {isa = PBXBuildFile; fileRef = 2DD248DD2B9DF50000D5B4D2 /* TrainingProgramsViewModel.swift */; };
		2DD248E12B9E2B7900D5B4D2 /* AddTrainingViewController.swift in Sources */ = {isa = PBXBuildFile; fileRef = 2DD248E02B9E2B7900D5B4D2 /* AddTrainingViewController.swift */; };
		2DD248E32B9E2B8700D5B4D2 /* AddTrainingView.swift in Sources */ = {isa = PBXBuildFile; fileRef = 2DD248E22B9E2B8700D5B4D2 /* AddTrainingView.swift */; };
		2DD248E52B9E2B9600D5B4D2 /* AddTrainingViewModel.swift in Sources */ = {isa = PBXBuildFile; fileRef = 2DD248E42B9E2B9600D5B4D2 /* AddTrainingViewModel.swift */; };
		2DD248E82BA0B18100D5B4D2 /* ExercisesTableViewCell.swift in Sources */ = {isa = PBXBuildFile; fileRef = 2DD248E72BA0B18100D5B4D2 /* ExercisesTableViewCell.swift */; };
		2DD248EA2BA0BAC400D5B4D2 /* StringCircleView.swift in Sources */ = {isa = PBXBuildFile; fileRef = 2DD248E92BA0BAC400D5B4D2 /* StringCircleView.swift */; };
		2DDE76062BCFD0EF00CC83D9 /* TrainingProcessViewModel.swift in Sources */ = {isa = PBXBuildFile; fileRef = 2DDE76052BCFD0EF00CC83D9 /* TrainingProcessViewModel.swift */; };
		2DDE76082BCFD11000CC83D9 /* TrainingProcessViewController.swift in Sources */ = {isa = PBXBuildFile; fileRef = 2DDE76072BCFD11000CC83D9 /* TrainingProcessViewController.swift */; };
		2DDE760A2BCFD11F00CC83D9 /* TrainingProcessView.swift in Sources */ = {isa = PBXBuildFile; fileRef = 2DDE76092BCFD11F00CC83D9 /* TrainingProcessView.swift */; };
		2DDE760C2BCFDFDE00CC83D9 /* TrainingProcessTableViewCell.swift in Sources */ = {isa = PBXBuildFile; fileRef = 2DDE760B2BCFDFDE00CC83D9 /* TrainingProcessTableViewCell.swift */; };
		2DDE760E2BCFF02800CC83D9 /* SetView.swift in Sources */ = {isa = PBXBuildFile; fileRef = 2DDE760D2BCFF02800CC83D9 /* SetView.swift */; };
/* End PBXBuildFile section */

/* Begin PBXFileReference section */
		2D05031F2BF7C85D0016CDFF /* TabBarController.swift */ = {isa = PBXFileReference; lastKnownFileType = sourcecode.swift; name = TabBarController.swift; path = ../../../../../../TabBarController.swift; sourceTree = "<group>"; };
		2D0503222BF7DC460016CDFF /* AuthViewController.swift */ = {isa = PBXFileReference; lastKnownFileType = sourcecode.swift; path = AuthViewController.swift; sourceTree = "<group>"; };
		2D0503242BF7DD2B0016CDFF /* AuthView.swift */ = {isa = PBXFileReference; lastKnownFileType = sourcecode.swift; path = AuthView.swift; sourceTree = "<group>"; };
		2D0503272BF7EB540016CDFF /* RegistrationViewController.swift */ = {isa = PBXFileReference; lastKnownFileType = sourcecode.swift; path = RegistrationViewController.swift; sourceTree = "<group>"; };
		2D0503292BF7EB600016CDFF /* RegistrationView.swift */ = {isa = PBXFileReference; lastKnownFileType = sourcecode.swift; path = RegistrationView.swift; sourceTree = "<group>"; };
		2D05032B2BF7EB6B0016CDFF /* RegistrationViewModel.swift */ = {isa = PBXFileReference; lastKnownFileType = sourcecode.swift; path = RegistrationViewModel.swift; sourceTree = "<group>"; };
		2D05032E2BF7EEEC0016CDFF /* LoginViewController.swift */ = {isa = PBXFileReference; lastKnownFileType = sourcecode.swift; path = LoginViewController.swift; sourceTree = "<group>"; };
		2D0503302BF7EEF50016CDFF /* LoginView.swift */ = {isa = PBXFileReference; lastKnownFileType = sourcecode.swift; path = LoginView.swift; sourceTree = "<group>"; };
		2D0503322BF7EEFC0016CDFF /* LoginViewModel.swift */ = {isa = PBXFileReference; lastKnownFileType = sourcecode.swift; path = LoginViewModel.swift; sourceTree = "<group>"; };
		2D0503352BF7EF870016CDFF /* ProfileViewController.swift */ = {isa = PBXFileReference; lastKnownFileType = sourcecode.swift; path = ProfileViewController.swift; sourceTree = "<group>"; };
		2D0503372BF7EFD90016CDFF /* ProfileView.swift */ = {isa = PBXFileReference; lastKnownFileType = sourcecode.swift; path = ProfileView.swift; sourceTree = "<group>"; };
		2D0503392BF7EFEC0016CDFF /* ProfileViewModel.swift */ = {isa = PBXFileReference; lastKnownFileType = sourcecode.swift; path = ProfileViewModel.swift; sourceTree = "<group>"; };
		2D05033B2BF7F5BB0016CDFF /* CodeInputView.swift */ = {isa = PBXFileReference; lastKnownFileType = sourcecode.swift; path = CodeInputView.swift; sourceTree = "<group>"; };
		2D05033D2BF8B2E10016CDFF /* GoogleService-Info.plist */ = {isa = PBXFileReference; fileEncoding = 4; lastKnownFileType = text.plist.xml; path = "GoogleService-Info.plist"; sourceTree = "<group>"; };
		2D2160552C07912C00FEBD30 /* ExerciseHistoryCoreData+CoreDataClass.swift */ = {isa = PBXFileReference; lastKnownFileType = sourcecode.swift; path = "ExerciseHistoryCoreData+CoreDataClass.swift"; sourceTree = SOURCE_ROOT; };
		2D2160562C07912C00FEBD30 /* ExerciseHistoryCoreData+CoreDataProperties.swift */ = {isa = PBXFileReference; lastKnownFileType = sourcecode.swift; path = "ExerciseHistoryCoreData+CoreDataProperties.swift"; sourceTree = SOURCE_ROOT; };
		2D2160572C07912C00FEBD30 /* TrainingHistoryCoreData+CoreDataClass.swift */ = {isa = PBXFileReference; lastKnownFileType = sourcecode.swift; path = "TrainingHistoryCoreData+CoreDataClass.swift"; sourceTree = SOURCE_ROOT; };
		2D2160582C07912C00FEBD30 /* TrainingHistoryCoreData+CoreDataProperties.swift */ = {isa = PBXFileReference; lastKnownFileType = sourcecode.swift; path = "TrainingHistoryCoreData+CoreDataProperties.swift"; sourceTree = SOURCE_ROOT; };
		2D2160592C07912C00FEBD30 /* ExerciseSetCoreData+CoreDataClass.swift */ = {isa = PBXFileReference; lastKnownFileType = sourcecode.swift; path = "ExerciseSetCoreData+CoreDataClass.swift"; sourceTree = SOURCE_ROOT; };
		2D21605A2C07912C00FEBD30 /* ExerciseSetCoreData+CoreDataProperties.swift */ = {isa = PBXFileReference; lastKnownFileType = sourcecode.swift; path = "ExerciseSetCoreData+CoreDataProperties.swift"; sourceTree = SOURCE_ROOT; };
		2D2160622C07E0CD00FEBD30 /* FoodSearchViewModel.swift */ = {isa = PBXFileReference; lastKnownFileType = sourcecode.swift; path = FoodSearchViewModel.swift; sourceTree = "<group>"; };
		2D2160642C07E0D900FEBD30 /* FoodSearchView.swift */ = {isa = PBXFileReference; lastKnownFileType = sourcecode.swift; path = FoodSearchView.swift; sourceTree = "<group>"; };
		2D2160662C07E0E900FEBD30 /* FoodSearchViewController.swift */ = {isa = PBXFileReference; lastKnownFileType = sourcecode.swift; path = FoodSearchViewController.swift; sourceTree = "<group>"; };
		2D2160692C0A6AE300FEBD30 /* TastyAPIService.swift */ = {isa = PBXFileReference; lastKnownFileType = sourcecode.swift; name = TastyAPIService.swift; path = ../../../../../../TastyAPIService.swift; sourceTree = "<group>"; };
		2D21606C2C0B4D4D00FEBD30 /* ProductInfoTableViewCell.swift */ = {isa = PBXFileReference; lastKnownFileType = sourcecode.swift; path = ProductInfoTableViewCell.swift; sourceTree = "<group>"; };
		2D21606F2C0B5E2700FEBD30 /* FoodSearchService.swift */ = {isa = PBXFileReference; lastKnownFileType = sourcecode.swift; path = FoodSearchService.swift; sourceTree = "<group>"; };
		2D2160762C0B602700FEBD30 /* Product.swift */ = {isa = PBXFileReference; lastKnownFileType = sourcecode.swift; path = Product.swift; sourceTree = "<group>"; };
		2D2160792C0B674100FEBD30 /* TastyResponse.swift */ = {isa = PBXFileReference; lastKnownFileType = sourcecode.swift; path = TastyResponse.swift; sourceTree = "<group>"; };
		2D21607B2C0B675600FEBD30 /* Recipe.swift */ = {isa = PBXFileReference; lastKnownFileType = sourcecode.swift; path = Recipe.swift; sourceTree = "<group>"; };
		2D21607D2C0B676000FEBD30 /* Nutrition.swift */ = {isa = PBXFileReference; lastKnownFileType = sourcecode.swift; path = Nutrition.swift; sourceTree = "<group>"; };
		2D2160852C0CB4B500FEBD30 /* FirebaseStorageManager.swift */ = {isa = PBXFileReference; lastKnownFileType = sourcecode.swift; path = FirebaseStorageManager.swift; sourceTree = "<group>"; };
		2D39163C2C05E51200603B2B /* CacheManager.swift */ = {isa = PBXFileReference; fileEncoding = 4; lastKnownFileType = sourcecode.swift; path = CacheManager.swift; sourceTree = "<group>"; };
		2D39163F2C06344300603B2B /* TrainingHistoryDetailViewModel.swift */ = {isa = PBXFileReference; lastKnownFileType = sourcecode.swift; path = TrainingHistoryDetailViewModel.swift; sourceTree = "<group>"; };
		2D3916412C06346600603B2B /* TrainingHistoryDetailVC.swift */ = {isa = PBXFileReference; lastKnownFileType = sourcecode.swift; path = TrainingHistoryDetailVC.swift; sourceTree = "<group>"; };
		2D3916432C0634B700603B2B /* TrainingHistoryDetailView.swift */ = {isa = PBXFileReference; lastKnownFileType = sourcecode.swift; path = TrainingHistoryDetailView.swift; sourceTree = "<group>"; };
		2D3916452C06823100603B2B /* ExerciseSetInput.swift */ = {isa = PBXFileReference; lastKnownFileType = sourcecode.swift; path = ExerciseSetInput.swift; sourceTree = "<group>"; };
		2D3B65EF2BFCF87E004EB3E1 /* ExerciseSet.swift */ = {isa = PBXFileReference; lastKnownFileType = sourcecode.swift; path = ExerciseSet.swift; sourceTree = "<group>"; };
		2D3B65F12BFCF8AB004EB3E1 /* ExerciseHistory.swift */ = {isa = PBXFileReference; lastKnownFileType = sourcecode.swift; path = ExerciseHistory.swift; sourceTree = "<group>"; };
		2D3B65F32BFCF8C9004EB3E1 /* TrainingHistory.swift */ = {isa = PBXFileReference; lastKnownFileType = sourcecode.swift; path = TrainingHistory.swift; sourceTree = "<group>"; };
		2D3B65F92BFE5BC5004EB3E1 /* GymAppModels.xcdatamodel */ = {isa = PBXFileReference; lastKnownFileType = wrapper.xcdatamodel; path = GymAppModels.xcdatamodel; sourceTree = "<group>"; };
		2D3B66042BFF24E3004EB3E1 /* TrainingHistoryViewController.swift */ = {isa = PBXFileReference; lastKnownFileType = sourcecode.swift; path = TrainingHistoryViewController.swift; sourceTree = "<group>"; };
		2D3B66062BFF24F5004EB3E1 /* TrainingHistoryView.swift */ = {isa = PBXFileReference; lastKnownFileType = sourcecode.swift; path = TrainingHistoryView.swift; sourceTree = "<group>"; };
		2D3B66082BFF2500004EB3E1 /* TrainingHistoryViewModel.swift */ = {isa = PBXFileReference; lastKnownFileType = sourcecode.swift; path = TrainingHistoryViewModel.swift; sourceTree = "<group>"; };
		2D3B660A2BFF5740004EB3E1 /* TrainingHistoryTableViewCell.swift */ = {isa = PBXFileReference; lastKnownFileType = sourcecode.swift; path = TrainingHistoryTableViewCell.swift; sourceTree = "<group>"; };
		2D3B660C2C04D8F5004EB3E1 /* TrainingProgramCoreData+CoreDataClass.swift */ = {isa = PBXFileReference; lastKnownFileType = sourcecode.swift; name = "TrainingProgramCoreData+CoreDataClass.swift"; path = "GymApp/Models/CoreData/TrainingProgramCoreData+CoreDataClass.swift"; sourceTree = SOURCE_ROOT; };
		2D3B660D2C04D8F5004EB3E1 /* TrainingProgramCoreData+CoreDataProperties.swift */ = {isa = PBXFileReference; lastKnownFileType = sourcecode.swift; name = "TrainingProgramCoreData+CoreDataProperties.swift"; path = "GymApp/Models/CoreData/TrainingProgramCoreData+CoreDataProperties.swift"; sourceTree = SOURCE_ROOT; };
		2D3B660E2C04D8F5004EB3E1 /* ExerciseCoreData+CoreDataClass.swift */ = {isa = PBXFileReference; lastKnownFileType = sourcecode.swift; name = "ExerciseCoreData+CoreDataClass.swift"; path = "GymApp/Models/CoreData/ExerciseCoreData+CoreDataClass.swift"; sourceTree = SOURCE_ROOT; };
		2D3B660F2C04D8F5004EB3E1 /* ExerciseCoreData+CoreDataProperties.swift */ = {isa = PBXFileReference; lastKnownFileType = sourcecode.swift; name = "ExerciseCoreData+CoreDataProperties.swift"; path = "GymApp/Models/CoreData/ExerciseCoreData+CoreDataProperties.swift"; sourceTree = SOURCE_ROOT; };
		2D3B66142C04E28C004EB3E1 /* NSManagedObjectContext.swift */ = {isa = PBXFileReference; lastKnownFileType = sourcecode.swift; path = NSManagedObjectContext.swift; sourceTree = "<group>"; };
		2D51BDD92BB36EBC000B57E1 /* UIViewExtension.swift */ = {isa = PBXFileReference; lastKnownFileType = sourcecode.swift; path = UIViewExtension.swift; sourceTree = "<group>"; };
		2D51BDDB2BB4629D000B57E1 /* RoundImageView.swift */ = {isa = PBXFileReference; lastKnownFileType = sourcecode.swift; path = RoundImageView.swift; sourceTree = "<group>"; };
		2D51BDDE2BB48FDD000B57E1 /* IconsViewController.swift */ = {isa = PBXFileReference; lastKnownFileType = sourcecode.swift; path = IconsViewController.swift; sourceTree = "<group>"; };
		2D51BDE02BB48FF1000B57E1 /* IconsView.swift */ = {isa = PBXFileReference; lastKnownFileType = sourcecode.swift; path = IconsView.swift; sourceTree = "<group>"; };
		2D51BDE22BB48FFE000B57E1 /* IconsViewModel.swift */ = {isa = PBXFileReference; lastKnownFileType = sourcecode.swift; name = IconsViewModel.swift; path = ../../../../../../IconsViewModel.swift; sourceTree = "<group>"; };
		2D51BDE42BB4A623000B57E1 /* IconsCollectionViewCell.swift */ = {isa = PBXFileReference; lastKnownFileType = sourcecode.swift; path = IconsCollectionViewCell.swift; sourceTree = "<group>"; };
		2D51BDE62BB4A7E6000B57E1 /* UITableViewExtension.swift */ = {isa = PBXFileReference; lastKnownFileType = sourcecode.swift; path = UITableViewExtension.swift; sourceTree = "<group>"; };
		2D51BDE82BB4A80C000B57E1 /* UIColletionViewExtension.swift */ = {isa = PBXFileReference; lastKnownFileType = sourcecode.swift; path = UIColletionViewExtension.swift; sourceTree = "<group>"; };
		2D51BDEB2BB4AA5A000B57E1 /* IconsManager.swift */ = {isa = PBXFileReference; lastKnownFileType = sourcecode.swift; path = IconsManager.swift; sourceTree = "<group>"; };
		2D51BDED2BB58DC9000B57E1 /* UIImageExtention.swift */ = {isa = PBXFileReference; lastKnownFileType = sourcecode.swift; path = UIImageExtention.swift; sourceTree = "<group>"; };
		2DA07BEB2BC6AE51004B49A0 /* Exercise.swift */ = {isa = PBXFileReference; lastKnownFileType = sourcecode.swift; path = Exercise.swift; sourceTree = "<group>"; };
		2DC710982BF8D5BD0079386F /* User.swift */ = {isa = PBXFileReference; lastKnownFileType = sourcecode.swift; path = User.swift; sourceTree = "<group>"; };
		2DC7109B2BF8E7430079386F /* UITextFieldExtension.swift */ = {isa = PBXFileReference; lastKnownFileType = sourcecode.swift; path = UITextFieldExtension.swift; sourceTree = "<group>"; };
		2DC7109E2BF8FE0C0079386F /* FirebaseAuthManager.swift */ = {isa = PBXFileReference; lastKnownFileType = sourcecode.swift; path = FirebaseAuthManager.swift; sourceTree = "<group>"; };
		2DC710A52BF901C40079386F /* FirebaseFirestoreManager.swift */ = {isa = PBXFileReference; lastKnownFileType = sourcecode.swift; path = FirebaseFirestoreManager.swift; sourceTree = "<group>"; };
		2DC710AA2BF906F00079386F /* ValidationError.swift */ = {isa = PBXFileReference; lastKnownFileType = sourcecode.swift; path = ValidationError.swift; sourceTree = "<group>"; };
		2DC710AC2BFA5C400079386F /* TrainingProgram.swift */ = {isa = PBXFileReference; lastKnownFileType = sourcecode.swift; path = TrainingProgram.swift; sourceTree = "<group>"; };
		2DC710AE2BFBD45B0079386F /* TrainingProgramTableViewCell.swift */ = {isa = PBXFileReference; lastKnownFileType = sourcecode.swift; path = TrainingProgramTableViewCell.swift; sourceTree = "<group>"; };
		2DD248C22B9DB4A300D5B4D2 /* GymApp.app */ = {isa = PBXFileReference; explicitFileType = wrapper.application; includeInIndex = 0; path = GymApp.app; sourceTree = BUILT_PRODUCTS_DIR; };
		2DD248C52B9DB4A300D5B4D2 /* AppDelegate.swift */ = {isa = PBXFileReference; lastKnownFileType = sourcecode.swift; path = AppDelegate.swift; sourceTree = "<group>"; };
		2DD248C72B9DB4A300D5B4D2 /* SceneDelegate.swift */ = {isa = PBXFileReference; lastKnownFileType = sourcecode.swift; path = SceneDelegate.swift; sourceTree = "<group>"; };
		2DD248C92B9DB4A300D5B4D2 /* TrainingProgramsViewController.swift */ = {isa = PBXFileReference; lastKnownFileType = sourcecode.swift; path = TrainingProgramsViewController.swift; sourceTree = "<group>"; };
		2DD248CC2B9DB4A300D5B4D2 /* Base */ = {isa = PBXFileReference; lastKnownFileType = file.storyboard; name = Base; path = Base.lproj/Main.storyboard; sourceTree = "<group>"; };
		2DD248CE2B9DB4A500D5B4D2 /* Assets.xcassets */ = {isa = PBXFileReference; lastKnownFileType = folder.assetcatalog; path = Assets.xcassets; sourceTree = "<group>"; };
		2DD248D12B9DB4A500D5B4D2 /* Base */ = {isa = PBXFileReference; lastKnownFileType = file.storyboard; name = Base; path = Base.lproj/LaunchScreen.storyboard; sourceTree = "<group>"; };
		2DD248D32B9DB4A500D5B4D2 /* Info.plist */ = {isa = PBXFileReference; lastKnownFileType = text.plist.xml; path = Info.plist; sourceTree = "<group>"; };
		2DD248DB2B9DF4F000D5B4D2 /* TrainingProgramsView.swift */ = {isa = PBXFileReference; lastKnownFileType = sourcecode.swift; path = TrainingProgramsView.swift; sourceTree = "<group>"; };
		2DD248DD2B9DF50000D5B4D2 /* TrainingProgramsViewModel.swift */ = {isa = PBXFileReference; lastKnownFileType = sourcecode.swift; path = TrainingProgramsViewModel.swift; sourceTree = "<group>"; };
		2DD248E02B9E2B7900D5B4D2 /* AddTrainingViewController.swift */ = {isa = PBXFileReference; lastKnownFileType = sourcecode.swift; path = AddTrainingViewController.swift; sourceTree = "<group>"; };
		2DD248E22B9E2B8700D5B4D2 /* AddTrainingView.swift */ = {isa = PBXFileReference; lastKnownFileType = sourcecode.swift; path = AddTrainingView.swift; sourceTree = "<group>"; };
		2DD248E42B9E2B9600D5B4D2 /* AddTrainingViewModel.swift */ = {isa = PBXFileReference; lastKnownFileType = sourcecode.swift; path = AddTrainingViewModel.swift; sourceTree = "<group>"; };
		2DD248E72BA0B18100D5B4D2 /* ExercisesTableViewCell.swift */ = {isa = PBXFileReference; lastKnownFileType = sourcecode.swift; path = ExercisesTableViewCell.swift; sourceTree = "<group>"; };
		2DD248E92BA0BAC400D5B4D2 /* StringCircleView.swift */ = {isa = PBXFileReference; lastKnownFileType = sourcecode.swift; path = StringCircleView.swift; sourceTree = "<group>"; };
		2DDE76052BCFD0EF00CC83D9 /* TrainingProcessViewModel.swift */ = {isa = PBXFileReference; lastKnownFileType = sourcecode.swift; path = TrainingProcessViewModel.swift; sourceTree = "<group>"; };
		2DDE76072BCFD11000CC83D9 /* TrainingProcessViewController.swift */ = {isa = PBXFileReference; lastKnownFileType = sourcecode.swift; path = TrainingProcessViewController.swift; sourceTree = "<group>"; };
		2DDE76092BCFD11F00CC83D9 /* TrainingProcessView.swift */ = {isa = PBXFileReference; lastKnownFileType = sourcecode.swift; path = TrainingProcessView.swift; sourceTree = "<group>"; };
		2DDE760B2BCFDFDE00CC83D9 /* TrainingProcessTableViewCell.swift */ = {isa = PBXFileReference; lastKnownFileType = sourcecode.swift; path = TrainingProcessTableViewCell.swift; sourceTree = "<group>"; };
		2DDE760D2BCFF02800CC83D9 /* SetView.swift */ = {isa = PBXFileReference; lastKnownFileType = sourcecode.swift; path = SetView.swift; sourceTree = "<group>"; };
/* End PBXFileReference section */

/* Begin PBXFrameworksBuildPhase section */
		2DD248BF2B9DB4A300D5B4D2 /* Frameworks */ = {
			isa = PBXFrameworksBuildPhase;
			buildActionMask = 2147483647;
			files = (
				2D2160732C0B5F0200FEBD30 /* Alamofire in Frameworks */,
				2D0503452BF8BABE0016CDFF /* FirebaseAnalyticsSwift in Frameworks */,
				2DC710A22BF8FE510079386F /* FirebaseAuth in Frameworks */,
				2D0503412BF8BABE0016CDFF /* FirebaseAnalytics in Frameworks */,
				2D0503432BF8BABE0016CDFF /* FirebaseAnalyticsOnDeviceConversion in Frameworks */,
				2D2160882C0CB4DB00FEBD30 /* FirebaseStorage in Frameworks */,
				2D0503492BF8BABE0016CDFF /* FirebaseAppCheck in Frameworks */,
				2DC710A82BF901E30079386F /* FirebaseFirestore in Frameworks */,
				2D2160752C0B5F0200FEBD30 /* AlamofireDynamic in Frameworks */,
				2D2160812C0B6E6B00FEBD30 /* Kingfisher in Frameworks */,
				2DC710A42BF8FEDE0079386F /* FirebaseDatabase in Frameworks */,
				2D0503472BF8BABE0016CDFF /* FirebaseAnalyticsWithoutAdIdSupport in Frameworks */,
			);
			runOnlyForDeploymentPostprocessing = 0;
		};
/* End PBXFrameworksBuildPhase section */

/* Begin PBXGroup section */
		2D05031E2BF7C8380016CDFF /* App */ = {
			isa = PBXGroup;
			children = (
				2DD248C52B9DB4A300D5B4D2 /* AppDelegate.swift */,
				2DD248C72B9DB4A300D5B4D2 /* SceneDelegate.swift */,
				2D05031F2BF7C85D0016CDFF /* TabBarController.swift */,
			);
			path = App;
			sourceTree = "<group>";
		};
		2D0503212BF7DC290016CDFF /* AuthScreen */ = {
			isa = PBXGroup;
			children = (
				2D0503222BF7DC460016CDFF /* AuthViewController.swift */,
				2D0503242BF7DD2B0016CDFF /* AuthView.swift */,
			);
			path = AuthScreen;
			sourceTree = "<group>";
		};
		2D0503262BF7EB3A0016CDFF /* RegistrationScreen */ = {
			isa = PBXGroup;
			children = (
				2D0503272BF7EB540016CDFF /* RegistrationViewController.swift */,
				2D0503292BF7EB600016CDFF /* RegistrationView.swift */,
				2D05032B2BF7EB6B0016CDFF /* RegistrationViewModel.swift */,
			);
			path = RegistrationScreen;
			sourceTree = "<group>";
		};
		2D05032D2BF7EEC60016CDFF /* LoginScreen */ = {
			isa = PBXGroup;
			children = (
				2D05032E2BF7EEEC0016CDFF /* LoginViewController.swift */,
				2D0503302BF7EEF50016CDFF /* LoginView.swift */,
				2D0503322BF7EEFC0016CDFF /* LoginViewModel.swift */,
			);
			path = LoginScreen;
			sourceTree = "<group>";
		};
		2D0503342BF7EF760016CDFF /* ProfileScreen */ = {
			isa = PBXGroup;
			children = (
				2D0503352BF7EF870016CDFF /* ProfileViewController.swift */,
				2D0503372BF7EFD90016CDFF /* ProfileView.swift */,
				2D0503392BF7EFEC0016CDFF /* ProfileViewModel.swift */,
			);
			path = ProfileScreen;
			sourceTree = "<group>";
		};
		2D2160542C07905000FEBD30 /* CoreData */ = {
			isa = PBXGroup;
			children = (
				2D3B660C2C04D8F5004EB3E1 /* TrainingProgramCoreData+CoreDataClass.swift */,
				2D3B660D2C04D8F5004EB3E1 /* TrainingProgramCoreData+CoreDataProperties.swift */,
				2D3B660E2C04D8F5004EB3E1 /* ExerciseCoreData+CoreDataClass.swift */,
				2D3B660F2C04D8F5004EB3E1 /* ExerciseCoreData+CoreDataProperties.swift */,
				2D2160552C07912C00FEBD30 /* ExerciseHistoryCoreData+CoreDataClass.swift */,
				2D2160562C07912C00FEBD30 /* ExerciseHistoryCoreData+CoreDataProperties.swift */,
				2D2160572C07912C00FEBD30 /* TrainingHistoryCoreData+CoreDataClass.swift */,
				2D2160582C07912C00FEBD30 /* TrainingHistoryCoreData+CoreDataProperties.swift */,
				2D2160592C07912C00FEBD30 /* ExerciseSetCoreData+CoreDataClass.swift */,
				2D21605A2C07912C00FEBD30 /* ExerciseSetCoreData+CoreDataProperties.swift */,
			);
			path = CoreData;
			sourceTree = "<group>";
		};
		2D2160612C07E0A000FEBD30 /* FoodSearchScreen */ = {
			isa = PBXGroup;
			children = (
				2D2160622C07E0CD00FEBD30 /* FoodSearchViewModel.swift */,
				2D2160642C07E0D900FEBD30 /* FoodSearchView.swift */,
				2D21606C2C0B4D4D00FEBD30 /* ProductInfoTableViewCell.swift */,
				2D2160662C07E0E900FEBD30 /* FoodSearchViewController.swift */,
			);
			path = FoodSearchScreen;
			sourceTree = "<group>";
		};
		2D2160682C0A6AC200FEBD30 /* Services */ = {
			isa = PBXGroup;
			children = (
				2D2160692C0A6AE300FEBD30 /* TastyAPIService.swift */,
			);
			path = Services;
			sourceTree = "<group>";
		};
		2D21606E2C0B5E1100FEBD30 /* Protocols */ = {
			isa = PBXGroup;
			children = (
				2D21606F2C0B5E2700FEBD30 /* FoodSearchService.swift */,
			);
			path = Protocols;
			sourceTree = "<group>";
		};
		2D2160782C0B671C00FEBD30 /* StructsForDecoding */ = {
			isa = PBXGroup;
			children = (
				2D2160792C0B674100FEBD30 /* TastyResponse.swift */,
				2D21607B2C0B675600FEBD30 /* Recipe.swift */,
				2D21607D2C0B676000FEBD30 /* Nutrition.swift */,
			);
			path = StructsForDecoding;
			sourceTree = "<group>";
		};
		2D39163B2C05E0AE00603B2B /* Managers */ = {
			isa = PBXGroup;
			children = (
				2D51BDEB2BB4AA5A000B57E1 /* IconsManager.swift */,
				2D39163C2C05E51200603B2B /* CacheManager.swift */,
				2DC7109D2BF8FDF40079386F /* Firebase */,
			);
			path = Managers;
			sourceTree = "<group>";
		};
		2D39163E2C06342500603B2B /* TrainingHistoryDetailScreen */ = {
			isa = PBXGroup;
			children = (
				2D39163F2C06344300603B2B /* TrainingHistoryDetailViewModel.swift */,
				2D3916412C06346600603B2B /* TrainingHistoryDetailVC.swift */,
				2D3916432C0634B700603B2B /* TrainingHistoryDetailView.swift */,
			);
			path = TrainingHistoryDetailScreen;
			sourceTree = "<group>";
		};
		2D3B66032BFF2417004EB3E1 /* TrainingHistoryScreen */ = {
			isa = PBXGroup;
			children = (
				2D3B66042BFF24E3004EB3E1 /* TrainingHistoryViewController.swift */,
				2D3B660A2BFF5740004EB3E1 /* TrainingHistoryTableViewCell.swift */,
				2D3B66062BFF24F5004EB3E1 /* TrainingHistoryView.swift */,
				2D3B66082BFF2500004EB3E1 /* TrainingHistoryViewModel.swift */,
			);
			path = TrainingHistoryScreen;
			sourceTree = "<group>";
		};
		2D51BDD82BB36EA4000B57E1 /* Extensions */ = {
			isa = PBXGroup;
			children = (
				2D51BDD92BB36EBC000B57E1 /* UIViewExtension.swift */,
				2D51BDE62BB4A7E6000B57E1 /* UITableViewExtension.swift */,
				2D51BDE82BB4A80C000B57E1 /* UIColletionViewExtension.swift */,
				2D51BDED2BB58DC9000B57E1 /* UIImageExtention.swift */,
				2DC7109B2BF8E7430079386F /* UITextFieldExtension.swift */,
				2D3B66142C04E28C004EB3E1 /* NSManagedObjectContext.swift */,
			);
			path = Extensions;
			sourceTree = "<group>";
		};
		2D51BDDD2BB48FA0000B57E1 /* IconsScreen */ = {
			isa = PBXGroup;
			children = (
				2D51BDDE2BB48FDD000B57E1 /* IconsViewController.swift */,
				2D51BDE02BB48FF1000B57E1 /* IconsView.swift */,
				2D51BDE22BB48FFE000B57E1 /* IconsViewModel.swift */,
				2D51BDE42BB4A623000B57E1 /* IconsCollectionViewCell.swift */,
			);
			path = IconsScreen;
			sourceTree = "<group>";
		};
		2D51BDEA2BB4AA38000B57E1 /* Models */ = {
			isa = PBXGroup;
			children = (
				2D2160782C0B671C00FEBD30 /* StructsForDecoding */,
				2D2160542C07905000FEBD30 /* CoreData */,
				2D3B65F82BFE5BC5004EB3E1 /* GymAppModels.xcdatamodeld */,
				2DA07BEB2BC6AE51004B49A0 /* Exercise.swift */,
				2D3B65EF2BFCF87E004EB3E1 /* ExerciseSet.swift */,
				2D3916452C06823100603B2B /* ExerciseSetInput.swift */,
				2D3B65F12BFCF8AB004EB3E1 /* ExerciseHistory.swift */,
				2D3B65F32BFCF8C9004EB3E1 /* TrainingHistory.swift */,
				2DC710AC2BFA5C400079386F /* TrainingProgram.swift */,
				2DC710982BF8D5BD0079386F /* User.swift */,
				2D2160762C0B602700FEBD30 /* Product.swift */,
			);
			path = Models;
			sourceTree = "<group>";
		};
		2DC7109D2BF8FDF40079386F /* Firebase */ = {
			isa = PBXGroup;
			children = (
				2DC7109E2BF8FE0C0079386F /* FirebaseAuthManager.swift */,
				2DC710A52BF901C40079386F /* FirebaseFirestoreManager.swift */,
				2D2160852C0CB4B500FEBD30 /* FirebaseStorageManager.swift */,
			);
			path = Firebase;
			sourceTree = "<group>";
		};
		2DC710A02BF8FE510079386F /* Frameworks */ = {
			isa = PBXGroup;
			children = (
			);
			name = Frameworks;
			sourceTree = "<group>";
		};
		2DC710A92BF906DE0079386F /* Enums */ = {
			isa = PBXGroup;
			children = (
				2DC710AA2BF906F00079386F /* ValidationError.swift */,
			);
			path = Enums;
			sourceTree = "<group>";
		};
		2DD248B92B9DB4A300D5B4D2 = {
			isa = PBXGroup;
			children = (
				2DD248C42B9DB4A300D5B4D2 /* GymApp */,
				2DD248C32B9DB4A300D5B4D2 /* Products */,
				2DC710A02BF8FE510079386F /* Frameworks */,
			);
			sourceTree = "<group>";
		};
		2DD248C32B9DB4A300D5B4D2 /* Products */ = {
			isa = PBXGroup;
			children = (
				2DD248C22B9DB4A300D5B4D2 /* GymApp.app */,
			);
			name = Products;
			sourceTree = "<group>";
		};
		2DD248C42B9DB4A300D5B4D2 /* GymApp */ = {
			isa = PBXGroup;
			children = (
				2D21606E2C0B5E1100FEBD30 /* Protocols */,
				2D2160682C0A6AC200FEBD30 /* Services */,
				2D39163B2C05E0AE00603B2B /* Managers */,
				2DC710A92BF906DE0079386F /* Enums */,
				2D05033D2BF8B2E10016CDFF /* GoogleService-Info.plist */,
				2D0503342BF7EF760016CDFF /* ProfileScreen */,
				2D05032D2BF7EEC60016CDFF /* LoginScreen */,
				2D0503262BF7EB3A0016CDFF /* RegistrationScreen */,
				2D0503212BF7DC290016CDFF /* AuthScreen */,
				2D05031E2BF7C8380016CDFF /* App */,
				2D51BDEA2BB4AA38000B57E1 /* Models */,
				2D51BDD82BB36EA4000B57E1 /* Extensions */,
				2D51BDDD2BB48FA0000B57E1 /* IconsScreen */,
				2DD248ED2BA0F4A600D5B4D2 /* AdditionalViews */,
				2DDE76042BCFD0C800CC83D9 /* TrainingProcessScreen */,
				2DD248DF2B9DF50A00D5B4D2 /* TrainingProgramsScreen */,
				2DD248E62B9E2B9900D5B4D2 /* AddTrainingScreen */,
				2D3B66032BFF2417004EB3E1 /* TrainingHistoryScreen */,
				2D39163E2C06342500603B2B /* TrainingHistoryDetailScreen */,
				2D2160612C07E0A000FEBD30 /* FoodSearchScreen */,
				2DD248CB2B9DB4A300D5B4D2 /* Main.storyboard */,
				2DD248CE2B9DB4A500D5B4D2 /* Assets.xcassets */,
				2DD248D02B9DB4A500D5B4D2 /* LaunchScreen.storyboard */,
				2DD248D32B9DB4A500D5B4D2 /* Info.plist */,
			);
			path = GymApp;
			sourceTree = "<group>";
		};
		2DD248DF2B9DF50A00D5B4D2 /* TrainingProgramsScreen */ = {
			isa = PBXGroup;
			children = (
				2DD248DB2B9DF4F000D5B4D2 /* TrainingProgramsView.swift */,
				2DC710AE2BFBD45B0079386F /* TrainingProgramTableViewCell.swift */,
				2DD248C92B9DB4A300D5B4D2 /* TrainingProgramsViewController.swift */,
				2DD248DD2B9DF50000D5B4D2 /* TrainingProgramsViewModel.swift */,
			);
			path = TrainingProgramsScreen;
			sourceTree = "<group>";
		};
		2DD248E62B9E2B9900D5B4D2 /* AddTrainingScreen */ = {
			isa = PBXGroup;
			children = (
				2DD248E02B9E2B7900D5B4D2 /* AddTrainingViewController.swift */,
				2DD248E22B9E2B8700D5B4D2 /* AddTrainingView.swift */,
				2DD248E42B9E2B9600D5B4D2 /* AddTrainingViewModel.swift */,
				2DD248E72BA0B18100D5B4D2 /* ExercisesTableViewCell.swift */,
			);
			path = AddTrainingScreen;
			sourceTree = "<group>";
		};
		2DD248ED2BA0F4A600D5B4D2 /* AdditionalViews */ = {
			isa = PBXGroup;
			children = (
				2DDE760D2BCFF02800CC83D9 /* SetView.swift */,
				2DD248E92BA0BAC400D5B4D2 /* StringCircleView.swift */,
				2D51BDDB2BB4629D000B57E1 /* RoundImageView.swift */,
				2D05033B2BF7F5BB0016CDFF /* CodeInputView.swift */,
			);
			path = AdditionalViews;
			sourceTree = "<group>";
		};
		2DDE76042BCFD0C800CC83D9 /* TrainingProcessScreen */ = {
			isa = PBXGroup;
			children = (
				2DDE76052BCFD0EF00CC83D9 /* TrainingProcessViewModel.swift */,
				2DDE76072BCFD11000CC83D9 /* TrainingProcessViewController.swift */,
				2DDE76092BCFD11F00CC83D9 /* TrainingProcessView.swift */,
				2DDE760B2BCFDFDE00CC83D9 /* TrainingProcessTableViewCell.swift */,
			);
			path = TrainingProcessScreen;
			sourceTree = "<group>";
		};
/* End PBXGroup section */

/* Begin PBXNativeTarget section */
		2DD248C12B9DB4A300D5B4D2 /* GymApp */ = {
			isa = PBXNativeTarget;
			buildConfigurationList = 2DD248D62B9DB4A500D5B4D2 /* Build configuration list for PBXNativeTarget "GymApp" */;
			buildPhases = (
				2DD248BE2B9DB4A300D5B4D2 /* Sources */,
				2DD248BF2B9DB4A300D5B4D2 /* Frameworks */,
				2DD248C02B9DB4A300D5B4D2 /* Resources */,
				2D2160842C0C7DC800FEBD30 /* ShellScript */,
			);
			buildRules = (
			);
			dependencies = (
			);
			name = GymApp;
			packageProductDependencies = (
				2D0503402BF8BABE0016CDFF /* FirebaseAnalytics */,
				2D0503422BF8BABE0016CDFF /* FirebaseAnalyticsOnDeviceConversion */,
				2D0503442BF8BABE0016CDFF /* FirebaseAnalyticsSwift */,
				2D0503462BF8BABE0016CDFF /* FirebaseAnalyticsWithoutAdIdSupport */,
				2D0503482BF8BABE0016CDFF /* FirebaseAppCheck */,
				2DC710A12BF8FE510079386F /* FirebaseAuth */,
				2DC710A32BF8FEDE0079386F /* FirebaseDatabase */,
				2DC710A72BF901E30079386F /* FirebaseFirestore */,
				2D2160722C0B5F0200FEBD30 /* Alamofire */,
				2D2160742C0B5F0200FEBD30 /* AlamofireDynamic */,
				2D2160802C0B6E6B00FEBD30 /* Kingfisher */,
				2D2160872C0CB4DB00FEBD30 /* FirebaseStorage */,
			);
			productName = GymApp;
			productReference = 2DD248C22B9DB4A300D5B4D2 /* GymApp.app */;
			productType = "com.apple.product-type.application";
		};
/* End PBXNativeTarget section */

/* Begin PBXProject section */
		2DD248BA2B9DB4A300D5B4D2 /* Project object */ = {
			isa = PBXProject;
			attributes = {
				BuildIndependentTargetsInParallel = 1;
				LastSwiftUpdateCheck = 1510;
				LastUpgradeCheck = 1510;
				TargetAttributes = {
					2DD248C12B9DB4A300D5B4D2 = {
						CreatedOnToolsVersion = 15.1;
					};
				};
			};
			buildConfigurationList = 2DD248BD2B9DB4A300D5B4D2 /* Build configuration list for PBXProject "GymApp" */;
			compatibilityVersion = "Xcode 14.0";
			developmentRegion = en;
			hasScannedForEncodings = 0;
			knownRegions = (
				en,
				Base,
			);
			mainGroup = 2DD248B92B9DB4A300D5B4D2;
			packageReferences = (
				2D05033F2BF8BABE0016CDFF /* XCRemoteSwiftPackageReference "firebase-ios-sdk" */,
				2D2160712C0B5F0200FEBD30 /* XCRemoteSwiftPackageReference "Alamofire" */,
				2D21607F2C0B6E6B00FEBD30 /* XCRemoteSwiftPackageReference "Kingfisher" */,
			);
			productRefGroup = 2DD248C32B9DB4A300D5B4D2 /* Products */;
			projectDirPath = "";
			projectRoot = "";
			targets = (
				2DD248C12B9DB4A300D5B4D2 /* GymApp */,
			);
		};
/* End PBXProject section */

/* Begin PBXResourcesBuildPhase section */
		2DD248C02B9DB4A300D5B4D2 /* Resources */ = {
			isa = PBXResourcesBuildPhase;
			buildActionMask = 2147483647;
			files = (
				2DD248D22B9DB4A500D5B4D2 /* LaunchScreen.storyboard in Resources */,
				2DD248CF2B9DB4A500D5B4D2 /* Assets.xcassets in Resources */,
				2DD248CD2B9DB4A300D5B4D2 /* Main.storyboard in Resources */,
				2D05033E2BF8B2E10016CDFF /* GoogleService-Info.plist in Resources */,
			);
			runOnlyForDeploymentPostprocessing = 0;
		};
/* End PBXResourcesBuildPhase section */

/* Begin PBXShellScriptBuildPhase section */
		2D2160842C0C7DC800FEBD30 /* ShellScript */ = {
			isa = PBXShellScriptBuildPhase;
			alwaysOutOfDate = 1;
			buildActionMask = 2147483647;
			files = (
			);
			inputFileListPaths = (
			);
			inputPaths = (
			);
			outputFileListPaths = (
			);
			outputPaths = (
			);
			runOnlyForDeploymentPostprocessing = 0;
			shellPath = /bin/sh;
			shellScript = " \nexport PATH=\"$PATH:/opt/homebrew/bin\"\nif which swiftlint >/dev/null; then\n  swiftlint\nelse\n  echo \"error: SwiftLint does not exist, download it from https://github.com/realm/SwiftLint\"\n  exit 1\nfi\n";
			showEnvVarsInLog = 0;
		};
/* End PBXShellScriptBuildPhase section */

/* Begin PBXSourcesBuildPhase section */
		2DD248BE2B9DB4A300D5B4D2 /* Sources */ = {
			isa = PBXSourcesBuildPhase;
			buildActionMask = 2147483647;
			files = (
				2D2160652C07E0D900FEBD30 /* FoodSearchView.swift in Sources */,
				2D3B65F42BFCF8C9004EB3E1 /* TrainingHistory.swift in Sources */,
				2D3916402C06344300603B2B /* TrainingHistoryDetailViewModel.swift in Sources */,
				2D0503362BF7EF870016CDFF /* ProfileViewController.swift in Sources */,
				2D21606A2C0A6AE300FEBD30 /* TastyAPIService.swift in Sources */,
				2D2160672C07E0E900FEBD30 /* FoodSearchViewController.swift in Sources */,
				2DD248CA2B9DB4A300D5B4D2 /* TrainingProgramsViewController.swift in Sources */,
				2DD248C62B9DB4A300D5B4D2 /* AppDelegate.swift in Sources */,
				2D3916442C0634B700603B2B /* TrainingHistoryDetailView.swift in Sources */,
				2D21606D2C0B4D4D00FEBD30 /* ProductInfoTableViewCell.swift in Sources */,
				2DD248E82BA0B18100D5B4D2 /* ExercisesTableViewCell.swift in Sources */,
				2D0503202BF7C85D0016CDFF /* TabBarController.swift in Sources */,
				2DD248C82B9DB4A300D5B4D2 /* SceneDelegate.swift in Sources */,
				2D0503382BF7EFD90016CDFF /* ProfileView.swift in Sources */,
				2D51BDEC2BB4AA5A000B57E1 /* IconsManager.swift in Sources */,
				2D3B65F02BFCF87E004EB3E1 /* ExerciseSet.swift in Sources */,
				2DA07BEC2BC6AE51004B49A0 /* Exercise.swift in Sources */,
				2D2160632C07E0CD00FEBD30 /* FoodSearchViewModel.swift in Sources */,
				2D3B65F22BFCF8AB004EB3E1 /* ExerciseHistory.swift in Sources */,
				2DC7109C2BF8E7430079386F /* UITextFieldExtension.swift in Sources */,
				2DD248DE2B9DF50000D5B4D2 /* TrainingProgramsViewModel.swift in Sources */,
				2D2160702C0B5E2700FEBD30 /* FoodSearchService.swift in Sources */,
				2D21607E2C0B676000FEBD30 /* Nutrition.swift in Sources */,
				2D51BDDA2BB36EBC000B57E1 /* UIViewExtension.swift in Sources */,
				2D51BDE32BB48FFE000B57E1 /* IconsViewModel.swift in Sources */,
				2D39163D2C05E51200603B2B /* CacheManager.swift in Sources */,
				2D05033C2BF7F5BB0016CDFF /* CodeInputView.swift in Sources */,
				2D3B65FA2BFE5BC5004EB3E1 /* GymAppModels.xcdatamodeld in Sources */,
				2D2160772C0B602700FEBD30 /* Product.swift in Sources */,
				2D0503312BF7EEF50016CDFF /* LoginView.swift in Sources */,
				2D3B66102C04D8F5004EB3E1 /* TrainingProgramCoreData+CoreDataClass.swift in Sources */,
				2D2160862C0CB4B500FEBD30 /* FirebaseStorageManager.swift in Sources */,
				2D3B66112C04D8F5004EB3E1 /* TrainingProgramCoreData+CoreDataProperties.swift in Sources */,
				2D3B66122C04D8F5004EB3E1 /* ExerciseCoreData+CoreDataClass.swift in Sources */,
				2D3B66132C04D8F5004EB3E1 /* ExerciseCoreData+CoreDataProperties.swift in Sources */,
				2D51BDE92BB4A80C000B57E1 /* UIColletionViewExtension.swift in Sources */,
				2DC710AF2BFBD45B0079386F /* TrainingProgramTableViewCell.swift in Sources */,
				2D3B66152C04E28C004EB3E1 /* NSManagedObjectContext.swift in Sources */,
				2DDE760A2BCFD11F00CC83D9 /* TrainingProcessView.swift in Sources */,
				2D0503332BF7EEFC0016CDFF /* LoginViewModel.swift in Sources */,
				2DD248E12B9E2B7900D5B4D2 /* AddTrainingViewController.swift in Sources */,
				2DD248E32B9E2B8700D5B4D2 /* AddTrainingView.swift in Sources */,
				2D3B66052BFF24E3004EB3E1 /* TrainingHistoryViewController.swift in Sources */,
				2DDE760E2BCFF02800CC83D9 /* SetView.swift in Sources */,
				2DDE76062BCFD0EF00CC83D9 /* TrainingProcessViewModel.swift in Sources */,
				2D3B660B2BFF5740004EB3E1 /* TrainingHistoryTableViewCell.swift in Sources */,
				2D3916462C06823100603B2B /* ExerciseSetInput.swift in Sources */,
				2D3B66092BFF2500004EB3E1 /* TrainingHistoryViewModel.swift in Sources */,
				2DC710AD2BFA5C400079386F /* TrainingProgram.swift in Sources */,
				2D3B66072BFF24F5004EB3E1 /* TrainingHistoryView.swift in Sources */,
				2D05033A2BF7EFEC0016CDFF /* ProfileViewModel.swift in Sources */,
				2DD248EA2BA0BAC400D5B4D2 /* StringCircleView.swift in Sources */,
				2DC710A62BF901C40079386F /* FirebaseFirestoreManager.swift in Sources */,
				2DD248E52B9E2B9600D5B4D2 /* AddTrainingViewModel.swift in Sources */,
				2D51BDE52BB4A623000B57E1 /* IconsCollectionViewCell.swift in Sources */,
				2D0503252BF7DD2B0016CDFF /* AuthView.swift in Sources */,
				2D51BDDF2BB48FDD000B57E1 /* IconsViewController.swift in Sources */,
				2DC710AB2BF906F00079386F /* ValidationError.swift in Sources */,
				2D05032F2BF7EEEC0016CDFF /* LoginViewController.swift in Sources */,
				2DC710992BF8D5BD0079386F /* User.swift in Sources */,
				2D51BDE12BB48FF1000B57E1 /* IconsView.swift in Sources */,
				2D51BDE72BB4A7E6000B57E1 /* UITableViewExtension.swift in Sources */,
				2D21605B2C07912C00FEBD30 /* ExerciseHistoryCoreData+CoreDataClass.swift in Sources */,
				2D21605C2C07912C00FEBD30 /* ExerciseHistoryCoreData+CoreDataProperties.swift in Sources */,
				2D21607A2C0B674100FEBD30 /* TastyResponse.swift in Sources */,
				2D21605D2C07912C00FEBD30 /* TrainingHistoryCoreData+CoreDataClass.swift in Sources */,
				2D21605E2C07912C00FEBD30 /* TrainingHistoryCoreData+CoreDataProperties.swift in Sources */,
				2D21605F2C07912C00FEBD30 /* ExerciseSetCoreData+CoreDataClass.swift in Sources */,
				2D2160602C07912C00FEBD30 /* ExerciseSetCoreData+CoreDataProperties.swift in Sources */,
				2DD248DC2B9DF4F000D5B4D2 /* TrainingProgramsView.swift in Sources */,
				2D3916422C06346600603B2B /* TrainingHistoryDetailVC.swift in Sources */,
				2D21607C2C0B675600FEBD30 /* Recipe.swift in Sources */,
				2D0503282BF7EB540016CDFF /* RegistrationViewController.swift in Sources */,
				2D51BDDC2BB4629D000B57E1 /* RoundImageView.swift in Sources */,
				2D0503232BF7DC460016CDFF /* AuthViewController.swift in Sources */,
				2DC7109F2BF8FE0C0079386F /* FirebaseAuthManager.swift in Sources */,
				2D05032A2BF7EB600016CDFF /* RegistrationView.swift in Sources */,
				2DDE760C2BCFDFDE00CC83D9 /* TrainingProcessTableViewCell.swift in Sources */,
				2D05032C2BF7EB6B0016CDFF /* RegistrationViewModel.swift in Sources */,
				2D51BDEE2BB58DC9000B57E1 /* UIImageExtention.swift in Sources */,
				2DDE76082BCFD11000CC83D9 /* TrainingProcessViewController.swift in Sources */,
			);
			runOnlyForDeploymentPostprocessing = 0;
		};
/* End PBXSourcesBuildPhase section */

/* Begin PBXVariantGroup section */
		2DD248CB2B9DB4A300D5B4D2 /* Main.storyboard */ = {
			isa = PBXVariantGroup;
			children = (
				2DD248CC2B9DB4A300D5B4D2 /* Base */,
			);
			name = Main.storyboard;
			sourceTree = "<group>";
		};
		2DD248D02B9DB4A500D5B4D2 /* LaunchScreen.storyboard */ = {
			isa = PBXVariantGroup;
			children = (
				2DD248D12B9DB4A500D5B4D2 /* Base */,
			);
			name = LaunchScreen.storyboard;
			sourceTree = "<group>";
		};
/* End PBXVariantGroup section */

/* Begin XCBuildConfiguration section */
		2DD248D42B9DB4A500D5B4D2 /* Debug */ = {
			isa = XCBuildConfiguration;
			buildSettings = {
				ALWAYS_SEARCH_USER_PATHS = NO;
				ASSETCATALOG_COMPILER_GENERATE_SWIFT_ASSET_SYMBOL_EXTENSIONS = YES;
				CLANG_ANALYZER_NONNULL = YES;
				CLANG_ANALYZER_NUMBER_OBJECT_CONVERSION = YES_AGGRESSIVE;
				CLANG_CXX_LANGUAGE_STANDARD = "gnu++20";
				CLANG_ENABLE_MODULES = YES;
				CLANG_ENABLE_OBJC_ARC = YES;
				CLANG_ENABLE_OBJC_WEAK = YES;
				CLANG_WARN_BLOCK_CAPTURE_AUTORELEASING = YES;
				CLANG_WARN_BOOL_CONVERSION = YES;
				CLANG_WARN_COMMA = YES;
				CLANG_WARN_CONSTANT_CONVERSION = YES;
				CLANG_WARN_DEPRECATED_OBJC_IMPLEMENTATIONS = YES;
				CLANG_WARN_DIRECT_OBJC_ISA_USAGE = YES_ERROR;
				CLANG_WARN_DOCUMENTATION_COMMENTS = YES;
				CLANG_WARN_EMPTY_BODY = YES;
				CLANG_WARN_ENUM_CONVERSION = YES;
				CLANG_WARN_INFINITE_RECURSION = YES;
				CLANG_WARN_INT_CONVERSION = YES;
				CLANG_WARN_NON_LITERAL_NULL_CONVERSION = YES;
				CLANG_WARN_OBJC_IMPLICIT_RETAIN_SELF = YES;
				CLANG_WARN_OBJC_LITERAL_CONVERSION = YES;
				CLANG_WARN_OBJC_ROOT_CLASS = YES_ERROR;
				CLANG_WARN_QUOTED_INCLUDE_IN_FRAMEWORK_HEADER = YES;
				CLANG_WARN_RANGE_LOOP_ANALYSIS = YES;
				CLANG_WARN_STRICT_PROTOTYPES = YES;
				CLANG_WARN_SUSPICIOUS_MOVE = YES;
				CLANG_WARN_UNGUARDED_AVAILABILITY = YES_AGGRESSIVE;
				CLANG_WARN_UNREACHABLE_CODE = YES;
				CLANG_WARN__DUPLICATE_METHOD_MATCH = YES;
				COPY_PHASE_STRIP = NO;
				DEBUG_INFORMATION_FORMAT = dwarf;
				ENABLE_STRICT_OBJC_MSGSEND = YES;
				ENABLE_TESTABILITY = YES;
				ENABLE_USER_SCRIPT_SANDBOXING = YES;
				GCC_C_LANGUAGE_STANDARD = gnu17;
				GCC_DYNAMIC_NO_PIC = NO;
				GCC_NO_COMMON_BLOCKS = YES;
				GCC_OPTIMIZATION_LEVEL = 0;
				GCC_PREPROCESSOR_DEFINITIONS = (
					"DEBUG=1",
					"$(inherited)",
				);
				GCC_WARN_64_TO_32_BIT_CONVERSION = YES;
				GCC_WARN_ABOUT_RETURN_TYPE = YES_ERROR;
				GCC_WARN_UNDECLARED_SELECTOR = YES;
				GCC_WARN_UNINITIALIZED_AUTOS = YES_AGGRESSIVE;
				GCC_WARN_UNUSED_FUNCTION = YES;
				GCC_WARN_UNUSED_VARIABLE = YES;
				IPHONEOS_DEPLOYMENT_TARGET = 17.2;
				LOCALIZATION_PREFERS_STRING_CATALOGS = YES;
				MTL_ENABLE_DEBUG_INFO = INCLUDE_SOURCE;
				MTL_FAST_MATH = YES;
				ONLY_ACTIVE_ARCH = YES;
				SDKROOT = iphoneos;
				SWIFT_ACTIVE_COMPILATION_CONDITIONS = "DEBUG $(inherited)";
				SWIFT_OPTIMIZATION_LEVEL = "-Onone";
			};
			name = Debug;
		};
		2DD248D52B9DB4A500D5B4D2 /* Release */ = {
			isa = XCBuildConfiguration;
			buildSettings = {
				ALWAYS_SEARCH_USER_PATHS = NO;
				ASSETCATALOG_COMPILER_GENERATE_SWIFT_ASSET_SYMBOL_EXTENSIONS = YES;
				CLANG_ANALYZER_NONNULL = YES;
				CLANG_ANALYZER_NUMBER_OBJECT_CONVERSION = YES_AGGRESSIVE;
				CLANG_CXX_LANGUAGE_STANDARD = "gnu++20";
				CLANG_ENABLE_MODULES = YES;
				CLANG_ENABLE_OBJC_ARC = YES;
				CLANG_ENABLE_OBJC_WEAK = YES;
				CLANG_WARN_BLOCK_CAPTURE_AUTORELEASING = YES;
				CLANG_WARN_BOOL_CONVERSION = YES;
				CLANG_WARN_COMMA = YES;
				CLANG_WARN_CONSTANT_CONVERSION = YES;
				CLANG_WARN_DEPRECATED_OBJC_IMPLEMENTATIONS = YES;
				CLANG_WARN_DIRECT_OBJC_ISA_USAGE = YES_ERROR;
				CLANG_WARN_DOCUMENTATION_COMMENTS = YES;
				CLANG_WARN_EMPTY_BODY = YES;
				CLANG_WARN_ENUM_CONVERSION = YES;
				CLANG_WARN_INFINITE_RECURSION = YES;
				CLANG_WARN_INT_CONVERSION = YES;
				CLANG_WARN_NON_LITERAL_NULL_CONVERSION = YES;
				CLANG_WARN_OBJC_IMPLICIT_RETAIN_SELF = YES;
				CLANG_WARN_OBJC_LITERAL_CONVERSION = YES;
				CLANG_WARN_OBJC_ROOT_CLASS = YES_ERROR;
				CLANG_WARN_QUOTED_INCLUDE_IN_FRAMEWORK_HEADER = YES;
				CLANG_WARN_RANGE_LOOP_ANALYSIS = YES;
				CLANG_WARN_STRICT_PROTOTYPES = YES;
				CLANG_WARN_SUSPICIOUS_MOVE = YES;
				CLANG_WARN_UNGUARDED_AVAILABILITY = YES_AGGRESSIVE;
				CLANG_WARN_UNREACHABLE_CODE = YES;
				CLANG_WARN__DUPLICATE_METHOD_MATCH = YES;
				COPY_PHASE_STRIP = NO;
				DEBUG_INFORMATION_FORMAT = "dwarf-with-dsym";
				ENABLE_NS_ASSERTIONS = NO;
				ENABLE_STRICT_OBJC_MSGSEND = YES;
				ENABLE_USER_SCRIPT_SANDBOXING = YES;
				GCC_C_LANGUAGE_STANDARD = gnu17;
				GCC_NO_COMMON_BLOCKS = YES;
				GCC_WARN_64_TO_32_BIT_CONVERSION = YES;
				GCC_WARN_ABOUT_RETURN_TYPE = YES_ERROR;
				GCC_WARN_UNDECLARED_SELECTOR = YES;
				GCC_WARN_UNINITIALIZED_AUTOS = YES_AGGRESSIVE;
				GCC_WARN_UNUSED_FUNCTION = YES;
				GCC_WARN_UNUSED_VARIABLE = YES;
				IPHONEOS_DEPLOYMENT_TARGET = 17.2;
				LOCALIZATION_PREFERS_STRING_CATALOGS = YES;
				MTL_ENABLE_DEBUG_INFO = NO;
				MTL_FAST_MATH = YES;
				SDKROOT = iphoneos;
				SWIFT_COMPILATION_MODE = wholemodule;
				VALIDATE_PRODUCT = YES;
			};
			name = Release;
		};
		2DD248D72B9DB4A500D5B4D2 /* Debug */ = {
			isa = XCBuildConfiguration;
			buildSettings = {
				ASSETCATALOG_COMPILER_APPICON_NAME = AppIcon;
				ASSETCATALOG_COMPILER_GLOBAL_ACCENT_COLOR_NAME = AccentColor;
				CODE_SIGN_STYLE = Automatic;
				CURRENT_PROJECT_VERSION = 1;
				ENABLE_USER_SCRIPT_SANDBOXING = NO;
				GENERATE_INFOPLIST_FILE = YES;
				INFOPLIST_FILE = GymApp/Info.plist;
				INFOPLIST_KEY_UIApplicationSupportsIndirectInputEvents = YES;
				INFOPLIST_KEY_UILaunchStoryboardName = LaunchScreen;
				INFOPLIST_KEY_UISupportedInterfaceOrientations_iPad = "UIInterfaceOrientationPortrait UIInterfaceOrientationPortraitUpsideDown UIInterfaceOrientationLandscapeLeft UIInterfaceOrientationLandscapeRight";
				INFOPLIST_KEY_UISupportedInterfaceOrientations_iPhone = "UIInterfaceOrientationPortrait UIInterfaceOrientationLandscapeLeft UIInterfaceOrientationLandscapeRight";
				LD_RUNPATH_SEARCH_PATHS = (
					"$(inherited)",
					"@executable_path/Frameworks",
				);
				MARKETING_VERSION = 1.0;
				PRODUCT_BUNDLE_IDENTIFIER = com.ZiganshinAzat.GymApp;
				PRODUCT_NAME = "$(TARGET_NAME)";
				SWIFT_EMIT_LOC_STRINGS = YES;
				SWIFT_VERSION = 5.0;
				TARGETED_DEVICE_FAMILY = "1,2";
			};
			name = Debug;
		};
		2DD248D82B9DB4A500D5B4D2 /* Release */ = {
			isa = XCBuildConfiguration;
			buildSettings = {
				ASSETCATALOG_COMPILER_APPICON_NAME = AppIcon;
				ASSETCATALOG_COMPILER_GLOBAL_ACCENT_COLOR_NAME = AccentColor;
				CODE_SIGN_STYLE = Automatic;
				CURRENT_PROJECT_VERSION = 1;
				ENABLE_USER_SCRIPT_SANDBOXING = NO;
				GENERATE_INFOPLIST_FILE = YES;
				INFOPLIST_FILE = GymApp/Info.plist;
				INFOPLIST_KEY_UIApplicationSupportsIndirectInputEvents = YES;
				INFOPLIST_KEY_UILaunchStoryboardName = LaunchScreen;
				INFOPLIST_KEY_UISupportedInterfaceOrientations_iPad = "UIInterfaceOrientationPortrait UIInterfaceOrientationPortraitUpsideDown UIInterfaceOrientationLandscapeLeft UIInterfaceOrientationLandscapeRight";
				INFOPLIST_KEY_UISupportedInterfaceOrientations_iPhone = "UIInterfaceOrientationPortrait UIInterfaceOrientationLandscapeLeft UIInterfaceOrientationLandscapeRight";
				LD_RUNPATH_SEARCH_PATHS = (
					"$(inherited)",
					"@executable_path/Frameworks",
				);
				MARKETING_VERSION = 1.0;
				PRODUCT_BUNDLE_IDENTIFIER = com.ZiganshinAzat.GymApp;
				PRODUCT_NAME = "$(TARGET_NAME)";
				SWIFT_EMIT_LOC_STRINGS = YES;
				SWIFT_VERSION = 5.0;
				TARGETED_DEVICE_FAMILY = "1,2";
			};
			name = Release;
		};
/* End XCBuildConfiguration section */

/* Begin XCConfigurationList section */
		2DD248BD2B9DB4A300D5B4D2 /* Build configuration list for PBXProject "GymApp" */ = {
			isa = XCConfigurationList;
			buildConfigurations = (
				2DD248D42B9DB4A500D5B4D2 /* Debug */,
				2DD248D52B9DB4A500D5B4D2 /* Release */,
			);
			defaultConfigurationIsVisible = 0;
			defaultConfigurationName = Release;
		};
		2DD248D62B9DB4A500D5B4D2 /* Build configuration list for PBXNativeTarget "GymApp" */ = {
			isa = XCConfigurationList;
			buildConfigurations = (
				2DD248D72B9DB4A500D5B4D2 /* Debug */,
				2DD248D82B9DB4A500D5B4D2 /* Release */,
			);
			defaultConfigurationIsVisible = 0;
			defaultConfigurationName = Release;
		};
/* End XCConfigurationList section */

/* Begin XCRemoteSwiftPackageReference section */
		2D05033F2BF8BABE0016CDFF /* XCRemoteSwiftPackageReference "firebase-ios-sdk" */ = {
			isa = XCRemoteSwiftPackageReference;
			repositoryURL = "https://github.com/firebase/firebase-ios-sdk";
			requirement = {
				kind = upToNextMajorVersion;
				minimumVersion = 10.26.0;
			};
		};
		2D2160712C0B5F0200FEBD30 /* XCRemoteSwiftPackageReference "Alamofire" */ = {
			isa = XCRemoteSwiftPackageReference;
			repositoryURL = "https://github.com/Alamofire/Alamofire";
			requirement = {
				kind = upToNextMajorVersion;
				minimumVersion = 5.9.1;
			};
		};
		2D21607F2C0B6E6B00FEBD30 /* XCRemoteSwiftPackageReference "Kingfisher" */ = {
			isa = XCRemoteSwiftPackageReference;
			repositoryURL = "https://github.com/onevcat/Kingfisher";
			requirement = {
				kind = upToNextMajorVersion;
				minimumVersion = 7.11.0;
			};
		};
/* End XCRemoteSwiftPackageReference section */

/* Begin XCSwiftPackageProductDependency section */
		2D0503402BF8BABE0016CDFF /* FirebaseAnalytics */ = {
			isa = XCSwiftPackageProductDependency;
			package = 2D05033F2BF8BABE0016CDFF /* XCRemoteSwiftPackageReference "firebase-ios-sdk" */;
			productName = FirebaseAnalytics;
		};
		2D0503422BF8BABE0016CDFF /* FirebaseAnalyticsOnDeviceConversion */ = {
			isa = XCSwiftPackageProductDependency;
			package = 2D05033F2BF8BABE0016CDFF /* XCRemoteSwiftPackageReference "firebase-ios-sdk" */;
			productName = FirebaseAnalyticsOnDeviceConversion;
		};
		2D0503442BF8BABE0016CDFF /* FirebaseAnalyticsSwift */ = {
			isa = XCSwiftPackageProductDependency;
			package = 2D05033F2BF8BABE0016CDFF /* XCRemoteSwiftPackageReference "firebase-ios-sdk" */;
			productName = FirebaseAnalyticsSwift;
		};
		2D0503462BF8BABE0016CDFF /* FirebaseAnalyticsWithoutAdIdSupport */ = {
			isa = XCSwiftPackageProductDependency;
			package = 2D05033F2BF8BABE0016CDFF /* XCRemoteSwiftPackageReference "firebase-ios-sdk" */;
			productName = FirebaseAnalyticsWithoutAdIdSupport;
		};
		2D0503482BF8BABE0016CDFF /* FirebaseAppCheck */ = {
			isa = XCSwiftPackageProductDependency;
			package = 2D05033F2BF8BABE0016CDFF /* XCRemoteSwiftPackageReference "firebase-ios-sdk" */;
			productName = FirebaseAppCheck;
		};
		2D2160722C0B5F0200FEBD30 /* Alamofire */ = {
			isa = XCSwiftPackageProductDependency;
			package = 2D2160712C0B5F0200FEBD30 /* XCRemoteSwiftPackageReference "Alamofire" */;
			productName = Alamofire;
		};
		2D2160742C0B5F0200FEBD30 /* AlamofireDynamic */ = {
			isa = XCSwiftPackageProductDependency;
			package = 2D2160712C0B5F0200FEBD30 /* XCRemoteSwiftPackageReference "Alamofire" */;
			productName = AlamofireDynamic;
		};
		2D2160802C0B6E6B00FEBD30 /* Kingfisher */ = {
			isa = XCSwiftPackageProductDependency;
			package = 2D21607F2C0B6E6B00FEBD30 /* XCRemoteSwiftPackageReference "Kingfisher" */;
			productName = Kingfisher;
		};
		2D2160872C0CB4DB00FEBD30 /* FirebaseStorage */ = {
			isa = XCSwiftPackageProductDependency;
			package = 2D05033F2BF8BABE0016CDFF /* XCRemoteSwiftPackageReference "firebase-ios-sdk" */;
			productName = FirebaseStorage;
		};
		2DC710A12BF8FE510079386F /* FirebaseAuth */ = {
			isa = XCSwiftPackageProductDependency;
			package = 2D05033F2BF8BABE0016CDFF /* XCRemoteSwiftPackageReference "firebase-ios-sdk" */;
			productName = FirebaseAuth;
		};
		2DC710A32BF8FEDE0079386F /* FirebaseDatabase */ = {
			isa = XCSwiftPackageProductDependency;
			package = 2D05033F2BF8BABE0016CDFF /* XCRemoteSwiftPackageReference "firebase-ios-sdk" */;
			productName = FirebaseDatabase;
		};
		2DC710A72BF901E30079386F /* FirebaseFirestore */ = {
			isa = XCSwiftPackageProductDependency;
			package = 2D05033F2BF8BABE0016CDFF /* XCRemoteSwiftPackageReference "firebase-ios-sdk" */;
			productName = FirebaseFirestore;
		};
/* End XCSwiftPackageProductDependency section */

/* Begin XCVersionGroup section */
		2D3B65F82BFE5BC5004EB3E1 /* GymAppModels.xcdatamodeld */ = {
			isa = XCVersionGroup;
			children = (
				2D3B65F92BFE5BC5004EB3E1 /* GymAppModels.xcdatamodel */,
			);
			currentVersion = 2D3B65F92BFE5BC5004EB3E1 /* GymAppModels.xcdatamodel */;
			name = GymAppModels.xcdatamodeld;
			path = "/Users/ziganshinazat/Desktop/Gym App/Gym-App/GymApp/GymApp/Models/GymAppModels.xcdatamodeld";
			sourceTree = "<group>";
			versionGroupType = wrapper.xcdatamodel;
		};
/* End XCVersionGroup section */
	};
	rootObject = 2DD248BA2B9DB4A300D5B4D2 /* Project object */;
}
